
Microsoft Visual Studio Solution File, Format Version 12.00
# Visual Studio Version 17
VisualStudioVersion = 17.11.35219.272
MinimumVisualStudioVersion = 10.0.40219.1
Project("{FAE04EC0-301F-11D3-BF4B-00C04F79EFBC}") = "Ejercicio1", "Ejercicio1\Ejercicio1.csproj", "{611A5304-0CCB-46E5-BB14-15C5DA930543}"
EndProject
Global
	GlobalSection(SolutionConfigurationPlatforms) = preSolution
		Debug|Any CPU = Debug|Any CPU
		Release|Any CPU = Release|Any CPU
	EndGlobalSection
	GlobalSection(ProjectConfigurationPlatforms) = postSolution
		{611A5304-0CCB-46E5-BB14-15C5DA930543}.Debug|Any CPU.ActiveCfg = Debug|Any CPU
		{611A5304-0CCB-46E5-BB14-15C5DA930543}.Debug|Any CPU.Build.0 = Debug|Any CPU
		{611A5304-0CCB-46E5-BB14-15C5DA930543}.Release|Any CPU.ActiveCfg = Release|Any CPU
		{611A5304-0CCB-46E5-BB14-15C5DA930543}.Release|Any CPU.Build.0 = Release|Any CPU
	EndGlobalSection
	GlobalSection(SolutionProperties) = preSolution
		HideSolutionNode = FALSE
	EndGlobalSection
	GlobalSection(ExtensibilityGlobals) = postSolution
		SolutionGuid = {2AE17B88-8518-4A25-A2E7-1CA5FAC059B7}
	EndGlobalSection
EndGlobal
